
Microsoft Visual Studio Solution File, Format Version 12.00
# Visual Studio Version 17
VisualStudioVersion = 17.3.32929.385
MinimumVisualStudioVersion = 10.0.40219.1
Project("{9A19103F-16F7-4668-BE54-9A1E7A4F7556}") = "DemoProblems", "DemoProblems.csproj", "{B0E7E9D3-67DC-4BC0-9A54-75B9AC3465E1}"
EndProject
Project("{9A19103F-16F7-4668-BE54-9A1E7A4F7556}") = "ReflectionDemo", "..\ReflectionDemo\ReflectionDemo.csproj", "{D17D7C0C-AC90-4ED1-B770-C84C327E49CE}"
EndProject
Project("{9A19103F-16F7-4668-BE54-9A1E7A4F7556}") = "AnnotationsDemo", "..\AnnotationsDemo\AnnotationsDemo.csproj", "{0FED5547-67A0-4C68-A719-88CCF75F9737}"
EndProject
Project("{9A19103F-16F7-4668-BE54-9A1E7A4F7556}") = "GarbageCollectionDemo", "..\GarbageCollectionDemo\GarbageCollectionDemo.csproj", "{EA2AD9DC-9EF9-4934-BA22-B4F516F5695E}"
EndProject
Project("{9A19103F-16F7-4668-BE54-9A1E7A4F7556}") = "CollectionDemo", "..\CollectionDemo\CollectionDemo.csproj", "{174A4E84-FC65-444F-8CC6-177AC2270C9F}"
EndProject
Project("{9A19103F-16F7-4668-BE54-9A1E7A4F7556}") = "LambdaExpressionDemo", "..\LambdaExpressionDemo\LambdaExpressionDemo.csproj", "{C4CEC0CB-17F4-47EF-88B9-6950A36B4557}"
EndProject
Project("{FAE04EC0-301F-11D3-BF4B-00C04F79EFBC}") = "CSVHelperDemo", "..\CSVHelperDemo\CSVHelperDemo.csproj", "{9D877422-7082-4DBD-88EB-BD0E78DD9D8F}"
EndProject
Global
	GlobalSection(SolutionConfigurationPlatforms) = preSolution
		Debug|Any CPU = Debug|Any CPU
		Release|Any CPU = Release|Any CPU
	EndGlobalSection
	GlobalSection(ProjectConfigurationPlatforms) = postSolution
		{B0E7E9D3-67DC-4BC0-9A54-75B9AC3465E1}.Debug|Any CPU.ActiveCfg = Debug|Any CPU
		{B0E7E9D3-67DC-4BC0-9A54-75B9AC3465E1}.Debug|Any CPU.Build.0 = Debug|Any CPU
		{B0E7E9D3-67DC-4BC0-9A54-75B9AC3465E1}.Release|Any CPU.ActiveCfg = Release|Any CPU
		{B0E7E9D3-67DC-4BC0-9A54-75B9AC3465E1}.Release|Any CPU.Build.0 = Release|Any CPU
		{D17D7C0C-AC90-4ED1-B770-C84C327E49CE}.Debug|Any CPU.ActiveCfg = Debug|Any CPU
		{D17D7C0C-AC90-4ED1-B770-C84C327E49CE}.Debug|Any CPU.Build.0 = Debug|Any CPU
		{D17D7C0C-AC90-4ED1-B770-C84C327E49CE}.Release|Any CPU.ActiveCfg = Release|Any CPU
		{D17D7C0C-AC90-4ED1-B770-C84C327E49CE}.Release|Any CPU.Build.0 = Release|Any CPU
		{0FED5547-67A0-4C68-A719-88CCF75F9737}.Debug|Any CPU.ActiveCfg = Debug|Any CPU
		{0FED5547-67A0-4C68-A719-88CCF75F9737}.Debug|Any CPU.Build.0 = Debug|Any CPU
		{0FED5547-67A0-4C68-A719-88CCF75F9737}.Release|Any CPU.ActiveCfg = Release|Any CPU
		{0FED5547-67A0-4C68-A719-88CCF75F9737}.Release|Any CPU.Build.0 = Release|Any CPU
		{EA2AD9DC-9EF9-4934-BA22-B4F516F5695E}.Debug|Any CPU.ActiveCfg = Debug|Any CPU
		{EA2AD9DC-9EF9-4934-BA22-B4F516F5695E}.Debug|Any CPU.Build.0 = Debug|Any CPU
		{EA2AD9DC-9EF9-4934-BA22-B4F516F5695E}.Release|Any CPU.ActiveCfg = Release|Any CPU
		{EA2AD9DC-9EF9-4934-BA22-B4F516F5695E}.Release|Any CPU.Build.0 = Release|Any CPU
		{174A4E84-FC65-444F-8CC6-177AC2270C9F}.Debug|Any CPU.ActiveCfg = Debug|Any CPU
		{174A4E84-FC65-444F-8CC6-177AC2270C9F}.Debug|Any CPU.Build.0 = Debug|Any CPU
		{174A4E84-FC65-444F-8CC6-177AC2270C9F}.Release|Any CPU.ActiveCfg = Release|Any CPU
		{174A4E84-FC65-444F-8CC6-177AC2270C9F}.Release|Any CPU.Build.0 = Release|Any CPU
		{C4CEC0CB-17F4-47EF-88B9-6950A36B4557}.Debug|Any CPU.ActiveCfg = Debug|Any CPU
		{C4CEC0CB-17F4-47EF-88B9-6950A36B4557}.Debug|Any CPU.Build.0 = Debug|Any CPU
		{C4CEC0CB-17F4-47EF-88B9-6950A36B4557}.Release|Any CPU.ActiveCfg = Release|Any CPU
		{C4CEC0CB-17F4-47EF-88B9-6950A36B4557}.Release|Any CPU.Build.0 = Release|Any CPU
		{9D877422-7082-4DBD-88EB-BD0E78DD9D8F}.Debug|Any CPU.ActiveCfg = Debug|Any CPU
		{9D877422-7082-4DBD-88EB-BD0E78DD9D8F}.Debug|Any CPU.Build.0 = Debug|Any CPU
		{9D877422-7082-4DBD-88EB-BD0E78DD9D8F}.Release|Any CPU.ActiveCfg = Release|Any CPU
		{9D877422-7082-4DBD-88EB-BD0E78DD9D8F}.Release|Any CPU.Build.0 = Release|Any CPU
	EndGlobalSection
	GlobalSection(SolutionProperties) = preSolution
		HideSolutionNode = FALSE
	EndGlobalSection
	GlobalSection(ExtensibilityGlobals) = postSolution
		SolutionGuid = {AF375640-F1FC-4DBE-8A8E-3BA999B7407E}
	EndGlobalSection
EndGlobal
